{
  "nodes": {
    "catppuccin": {
      "inputs": {
        "nixpkgs": [
          "nixpkgs"
        ]
      },
      "locked": {
        "lastModified": 1777734189,
        "narHash": "sha256-kbIhdhDPaTP6gxAPkcRYeB+cqPFDpTM/bnw+m+26vkI=",
        "owner": "catppuccin",
        "repo": "nix",
        "rev": "e68cf5deaf1a7afed2e548835dba2ae99f5a3ccb",
        "type": "github"
      },
      "original": {
        "owner": "catppuccin",
        "repo": "nix",
        "type": "github"
      }
    },
    "home-manager": {
      "inputs": {
        "nixpkgs": [
          "nixpkgs"
        ]
      },
      "locked": {
        "lastModified": 1778110974,
        "narHash": "sha256-7V7bW5uZSdKPRmemMQUulXRffnlnjRj5N/HGHOsOda8=",
        "owner": "nix-community",
        "repo": "home-manager",
        "rev": "75fac363324f18d2b83a30fd916e509d2a02fb0e",
        "type": "github"
      },
      "original": {
        "owner": "nix-community",
        "repo": "home-manager",
        "type": "github"
      }
    },
    "niri": {
      "inputs": {
        "niri-stable": "niri-stable",
        "niri-unstable": "niri-unstable",
        "nixpkgs": [
          "nixpkgs"
        ],
        "nixpkgs-stable": "nixpkgs-stable",
        "xwayland-satellite-stable": "xwayland-satellite-stable",
        "xwayland-satellite-unstable": "xwayland-satellite-unstable"
      },
      "locked": {
        "lastModified": 1778022358,
        "narHash": "sha256-M/FR4z0m6KyN1wJpHbUKrF1T/EJKP1qSXdJOujkS5SE=",
        "owner": "sodiboo",
        "repo": "niri-flake",
        "rev": "6e900d2d23f32b88a1d97c38d1f24413cce66c90",
        "type": "github"
      },
      "original": {
        "owner": "sodiboo",
        "repo": "niri-flake",
        "type": "github"
      }
    },
    "niri-stable": {
      "flake": false,
      "locked": {
        "lastModified": 1756556321,
        "narHash": "sha256-RLD89dfjN0RVO86C/Mot0T7aduCygPGaYbog566F0Qo=",
        "owner": "YaLTeR",
        "repo": "niri",
        "rev": "01be0e65f4eb91a9cd624ac0b76aaeab765c7294",
        "type": "github"
      },
      "original": {
        "owner": "YaLTeR",
        "ref": "v25.08",
        "repo": "niri",
        "type": "github"
      }
    },
    "niri-unstable": {
      "flake": false,
      "locked": {
        "lastModified": 1778009434,
        "narHash": "sha256-kbT+bAdT8U1KRPVwwXpTCLQuRzER2yIkiv2E9/F/jhw=",
        "owner": "YaLTeR",
        "repo": "niri",
        "rev": "56654034e9a9b74f6fcf268ebfe114a8c74a8c0b",
        "type": "github"
      },
      "original": {
        "owner": "YaLTeR",
        "repo": "niri",
        "type": "github"
      }
    },
    "nix4vscode": {
      "inputs": {
        "nixpkgs": [
          "nixpkgs"
        ],
        "systems": "systems"
      },
      "locked": {
        "lastModified": 1778298274,
        "narHash": "sha256-rDlLq0RNX0Ej7ffxqbqsKq28qG863FDqcqbKqogdcCY=",
        "owner": "nix-community",
        "repo": "nix4vscode",
        "rev": "bbd0ef811eb5b2e39056a4f52599b760a74861f2",
        "type": "github"
      },
      "original": {
        "owner": "nix-community",
        "repo": "nix4vscode",
        "type": "github"
      }
    },
    "nixpkgs": {
      "locked": {
        "lastModified": 1777954456,
        "narHash": "sha256-hGdgeU2Nk87RAuZyYjyDjFL6LK7dAZN5RE9+hrDTkDU=",
        "owner": "nixos",
        "repo": "nixpkgs",
        "rev": "549bd84d6279f9852cae6225e372cc67fb91a4c1",
        "type": "github"
      },
      "original": {
        "owner": "nixos",
        "ref": "nixos-unstable",
        "repo": "nixpkgs",
        "type": "github"
      }
    },
    "nixpkgs-stable": {
      "locked": {
        "lastModified": 1778003029,
        "narHash": "sha256-q/nkKLDtHIyLjZpKhWk3cSK5IYsFqtMd6UtXF3ddjgA=",
        "owner": "NixOS",
        "repo": "nixpkgs",
        "rev": "0c88e1f2bdb93d5999019e99cb0e61e1fe2af4c5",
        "type": "github"
      },
      "original": {
        "owner": "NixOS",
        "ref": "nixos-25.11",
        "repo": "nixpkgs",
        "type": "github"
      }
    },
    "noctalia": {
      "inputs": {
        "nixpkgs": [
          "nixpkgs"
        ],
        "noctalia-qs": "noctalia-qs"
      },
      "locked": {
        "lastModified": 1778104114,
        "narHash": "sha256-+tbqLv7IW5Aem8kGF6cp4n3MtNBcwqmuGlMt6S1kQjs=",
        "owner": "noctalia-dev",
        "repo": "noctalia-shell",
        "rev": "eb2b53ddaa7564f5c93031cbe65cd5b6ef3c12a9",
        "type": "github"
      },
      "original": {
        "owner": "noctalia-dev",
        "repo": "noctalia-shell",
        "type": "github"
      }
    },
    "noctalia-qs": {
      "inputs": {
        "nixpkgs": [
          "noctalia",
          "nixpkgs"
        ],
        "systems": "systems_2",
        "treefmt-nix": "treefmt-nix"
      },
      "locked": {
        "lastModified": 1777773024,
        "narHash": "sha256-pLU+KB84A0Jei/vTD6pOS4Ovkmq3QDfPQHg1MlKsRqM=",
        "owner": "noctalia-dev",
        "repo": "noctalia-qs",
        "rev": "d3e26ccd9eecde9139be00caf5dc2d4260fb31ee",
        "type": "github"
      },
      "original": {
        "owner": "noctalia-dev",
        "repo": "noctalia-qs",
        "type": "github"
      }
    },
    "none-ls-extras-nvim": {
      "flake": false,
      "locked": {
        "lastModified": 1778073006,
        "narHash": "sha256-3Os+DyijgE9gSRX4OwLAWnH24IUvYP8IBgl/HtZUtJU=",
        "owner": "nvimtools",
        "repo": "none-ls-extras.nvim",
        "rev": "167f29529ff1438e673b1792a71aaf79ddd6c74f",
        "type": "github"
      },
      "original": {
        "owner": "nvimtools",
        "repo": "none-ls-extras.nvim",
        "type": "github"
      }
    },
    "root": {
      "inputs": {
        "catppuccin": "catppuccin",
        "home-manager": "home-manager",
        "niri": "niri",
        "nix4vscode": "nix4vscode",
        "nixpkgs": "nixpkgs",
        "noctalia": "noctalia",
        "none-ls-extras-nvim": "none-ls-extras-nvim",
        "zsh-fzf-tab": "zsh-fzf-tab"
      }
    },
    "systems": {
      "flake": false,
      "locked": {
        "lastModified": 1681028828,
        "narHash": "sha256-Vy1rq5AaRuLzOxct8nz4T6wlgyUR7zLU309k9mBC768=",
        "owner": "nix-systems",
        "repo": "default",
        "rev": "da67096a3b9bf56a91d16901293e51ba5b49a27e",
        "type": "github"
      },
      "original": {
        "owner": "nix-systems",
        "repo": "default",
        "type": "github"
      }
    },
    "systems_2": {
      "locked": {
        "lastModified": 1689347949,
        "narHash": "sha256-12tWmuL2zgBgZkdoB6qXZsgJEH9LR3oUgpaQq2RbI80=",
        "owner": "nix-systems",
        "repo": "default-linux",
        "rev": "31732fcf5e8fea42e59c2488ad31a0e651500f68",
        "type": "github"
      },
      "original": {
        "owner": "nix-systems",
        "repo": "default-linux",
        "type": "github"
      }
    },
    "treefmt-nix": {
      "inputs": {
        "nixpkgs": [
          "noctalia",
          "noctalia-qs",
          "nixpkgs"
        ]
      },
      "locked": {
        "lastModified": 1775636079,
        "narHash": "sha256-pc20NRoMdiar8oPQceQT47UUZMBTiMdUuWrYu2obUP0=",
        "owner": "numtide",
        "repo": "treefmt-nix",
        "rev": "790751ff7fd3801feeaf96d7dc416a8d581265ba",
        "type": "github"
      },
      "original": {
        "owner": "numtide",
        "repo": "treefmt-nix",
        "type": "github"
      }
    },
    "xwayland-satellite-stable": {
      "flake": false,
      "locked": {
        "lastModified": 1755491097,
        "narHash": "sha256-m+9tUfsmBeF2Gn4HWa6vSITZ4Gz1eA1F5Kh62B0N4oE=",
        "owner": "Supreeeme",
        "repo": "xwayland-satellite",
        "rev": "388d291e82ffbc73be18169d39470f340707edaa",
        "type": "github"
      },
      "original": {
        "owner": "Supreeeme",
        "ref": "v0.7",
        "repo": "xwayland-satellite",
        "type": "github"
      }
    },
    "xwayland-satellite-unstable": {
      "flake": false,
      "locked": {
        "lastModified": 1773622265,
        "narHash": "sha256-wToKwH7IgWdGLMSIWksEDs4eumR6UbbsuPQ42r0oTXQ=",
        "owner": "Supreeeme",
        "repo": "xwayland-satellite",
        "rev": "a879e5e0896a326adc79c474bf457b8b99011027",
        "type": "github"
      },
      "original": {
        "owner": "Supreeeme",
        "repo": "xwayland-satellite",
        "type": "github"
      }
    },
    "zsh-fzf-tab": {
      "flake": false,
      "locked": {
        "lastModified": 1773747553,
        "narHash": "sha256-yvPQyuK4Dw+LkwxrkWTRcw4PIf/79fW61jWbEg8Pe9Y=",
        "owner": "Aloxaf",
        "repo": "fzf-tab",
        "rev": "0983009f8666f11e91a2ee1f88cfdb748d14f656",
        "type": "github"
      },
      "original": {
        "owner": "Aloxaf",
        "repo": "fzf-tab",
        "type": "github"
      }
    }
  },
  "root": "root",
  "version": 7
}
